
Microsoft Visual Studio Solution File, Format Version 12.00
# Visual Studio 2012
Project("{FAE04EC0-301F-11D3-BF4B-00C04F79EFBC}") = "Belajar", "Belajar\Belajar.csproj", "{630EDBD0-1692-460B-86B1-B05ACF68724C}"
EndProject
Project("{FAE04EC0-301F-11D3-BF4B-00C04F79EFBC}") = "Data", "Data\Data.csproj", "{A7D72158-B713-4F37-B246-9C7A63BC7A45}"
EndProject
Global
	GlobalSection(SolutionConfigurationPlatforms) = preSolution
		Debug|Any CPU = Debug|Any CPU
		Release|Any CPU = Release|Any CPU
	EndGlobalSection
	GlobalSection(ProjectConfigurationPlatforms) = postSolution
		{630EDBD0-1692-460B-86B1-B05ACF68724C}.Debug|Any CPU.ActiveCfg = Debug|Any CPU
		{630EDBD0-1692-460B-86B1-B05ACF68724C}.Debug|Any CPU.Build.0 = Debug|Any CPU
		{630EDBD0-1692-460B-86B1-B05ACF68724C}.Release|Any CPU.ActiveCfg = Release|Any CPU
		{630EDBD0-1692-460B-86B1-B05ACF68724C}.Release|Any CPU.Build.0 = Release|Any CPU
		{A7D72158-B713-4F37-B246-9C7A63BC7A45}.Debug|Any CPU.ActiveCfg = Debug|Any CPU
		{A7D72158-B713-4F37-B246-9C7A63BC7A45}.Debug|Any CPU.Build.0 = Debug|Any CPU
		{A7D72158-B713-4F37-B246-9C7A63BC7A45}.Release|Any CPU.ActiveCfg = Release|Any CPU
		{A7D72158-B713-4F37-B246-9C7A63BC7A45}.Release|Any CPU.Build.0 = Release|Any CPU
	EndGlobalSection
	GlobalSection(SolutionProperties) = preSolution
		HideSolutionNode = FALSE
	EndGlobalSection
EndGlobal
